
Microsoft Visual Studio Solution File, Format Version 12.00
# Visual Studio Version 17
VisualStudioVersion = 17.11.35327.3
MinimumVisualStudioVersion = 10.0.40219.1
Project("{FAE04EC0-301F-11D3-BF4B-00C04F79EFBC}") = "ExercicioFixacaoMatrizes", "ExercicioFixacaoMatrizes\ExercicioFixacaoMatrizes.csproj", "{F47042E2-01F8-4DD8-A570-3CDA41AB0281}"
EndProject
Global
	GlobalSection(SolutionConfigurationPlatforms) = preSolution
		Debug|Any CPU = Debug|Any CPU
		Release|Any CPU = Release|Any CPU
	EndGlobalSection
	GlobalSection(ProjectConfigurationPlatforms) = postSolution
		{F47042E2-01F8-4DD8-A570-3CDA41AB0281}.Debug|Any CPU.ActiveCfg = Debug|Any CPU
		{F47042E2-01F8-4DD8-A570-3CDA41AB0281}.Debug|Any CPU.Build.0 = Debug|Any CPU
		{F47042E2-01F8-4DD8-A570-3CDA41AB0281}.Release|Any CPU.ActiveCfg = Release|Any CPU
		{F47042E2-01F8-4DD8-A570-3CDA41AB0281}.Release|Any CPU.Build.0 = Release|Any CPU
	EndGlobalSection
	GlobalSection(SolutionProperties) = preSolution
		HideSolutionNode = FALSE
	EndGlobalSection
	GlobalSection(ExtensibilityGlobals) = postSolution
		SolutionGuid = {3C793BB2-D17C-4029-B301-F93E9141ABA7}
	EndGlobalSection
EndGlobal
